
Microsoft Visual Studio Solution File, Format Version 12.00
# Visual Studio 2013
VisualStudioVersion = 12.0.30723.0
MinimumVisualStudioVersion = 10.0.40219.1
Project("{FAE04EC0-301F-11D3-BF4B-00C04F79EFBC}") = "RestaurantReviews", "RestaurantReviews\RestaurantReviews.csproj", "{83798738-DD6C-48DB-8F7E-F24D432895E7}"
EndProject
Project("{FAE04EC0-301F-11D3-BF4B-00C04F79EFBC}") = "RestaurantReviews.Tests", "RestaurantReviews.Tests\RestaurantReviews.Tests.csproj", "{CA34F207-038D-4F9F-B716-8406C442D26F}"
EndProject
Project("{00D1A9C2-B5F0-4AF3-8072-F6C62B433612}") = "dbRestaurant", "dbRestaurant\dbRestaurant.sqlproj", "{54BC63E4-81A9-43B6-9E89-D2F70DAF8BE1}"
EndProject
Global
	GlobalSection(SolutionConfigurationPlatforms) = preSolution
		Debug|Any CPU = Debug|Any CPU
		Release|Any CPU = Release|Any CPU
	EndGlobalSection
	GlobalSection(ProjectConfigurationPlatforms) = postSolution
		{83798738-DD6C-48DB-8F7E-F24D432895E7}.Debug|Any CPU.ActiveCfg = Debug|Any CPU
		{83798738-DD6C-48DB-8F7E-F24D432895E7}.Debug|Any CPU.Build.0 = Debug|Any CPU
		{83798738-DD6C-48DB-8F7E-F24D432895E7}.Release|Any CPU.ActiveCfg = Release|Any CPU
		{83798738-DD6C-48DB-8F7E-F24D432895E7}.Release|Any CPU.Build.0 = Release|Any CPU
		{CA34F207-038D-4F9F-B716-8406C442D26F}.Debug|Any CPU.ActiveCfg = Debug|Any CPU
		{CA34F207-038D-4F9F-B716-8406C442D26F}.Debug|Any CPU.Build.0 = Debug|Any CPU
		{CA34F207-038D-4F9F-B716-8406C442D26F}.Release|Any CPU.ActiveCfg = Release|Any CPU
		{CA34F207-038D-4F9F-B716-8406C442D26F}.Release|Any CPU.Build.0 = Release|Any CPU
		{54BC63E4-81A9-43B6-9E89-D2F70DAF8BE1}.Debug|Any CPU.ActiveCfg = Debug|Any CPU
		{54BC63E4-81A9-43B6-9E89-D2F70DAF8BE1}.Debug|Any CPU.Build.0 = Debug|Any CPU
		{54BC63E4-81A9-43B6-9E89-D2F70DAF8BE1}.Debug|Any CPU.Deploy.0 = Debug|Any CPU
		{54BC63E4-81A9-43B6-9E89-D2F70DAF8BE1}.Release|Any CPU.ActiveCfg = Release|Any CPU
		{54BC63E4-81A9-43B6-9E89-D2F70DAF8BE1}.Release|Any CPU.Build.0 = Release|Any CPU
		{54BC63E4-81A9-43B6-9E89-D2F70DAF8BE1}.Release|Any CPU.Deploy.0 = Release|Any CPU
	EndGlobalSection
	GlobalSection(SolutionProperties) = preSolution
		HideSolutionNode = FALSE
	EndGlobalSection
EndGlobal
